# THIS IS AN AUTOGENERATED FILE. DO NOT EDIT THIS FILE DIRECTLY.
# yarn lockfile v1


"@apollo/client@~3.2.5 || ~3.3.0 || ~3.4.0 || ~3.5.0 || ~3.6.0 || ~3.7.0 || ~3.8.0 || ~3.9.0 || ~3.10.0 || ~3.11.0 || ~3.12.0":
  version "3.12.8"
  dependencies:
    "@graphql-typed-document-node/core" "^3.1.1"
    "@wry/caches" "^1.0.0"
    "@wry/equality" "^0.5.6"
    "@wry/trie" "^0.5.0"
    graphql-tag "^2.12.6"
    hoist-non-react-statics "^3.3.2"
    optimism "^0.18.0"
    prop-types "^15.7.2"
    rehackt "^0.1.0"
    symbol-observable "^4.0.0"
    ts-invariant "^0.10.3"
    tslib "^2.3.0"
    zen-observable-ts "^1.2.5"

"@cspotcode/source-map-support@^0.8.0":
  version "0.8.1"
  dependencies:
    "@jridgewell/trace-mapping" "0.3.9"

"@envelop/core@^5.0.2":
  version "5.0.3"
  dependencies:
    "@envelop/types" "5.0.0"
    tslib "^2.5.0"

"@envelop/types@5.0.0":
  version "5.0.0"
  dependencies:
    tslib "^2.5.0"

"@gar/promisify@^1.0.1":
  version "1.1.3"

"@graphql-tools/executor@^1.3.7":
  version "1.3.12"
  dependencies:
    "@graphql-tools/utils" "^10.7.2"
    "@graphql-typed-document-node/core" "^3.2.0"
    "@repeaterjs/repeater" "^3.0.4"
    "@whatwg-node/disposablestack" "^0.0.5"
    tslib "^2.4.0"
    value-or-promise "^1.0.12"

"@graphql-tools/merge@^9.0.17":
  version "9.0.17"
  dependencies:
    "@graphql-tools/utils" "^10.7.2"
    tslib "^2.4.0"

"@graphql-tools/schema@^10.0.11", "@graphql-tools/schema@^10.0.16":
  version "10.0.16"
  dependencies:
    "@graphql-tools/merge" "^9.0.17"
    "@graphql-tools/utils" "^10.7.2"
    tslib "^2.4.0"
    value-or-promise "^1.0.12"

"@graphql-tools/utils@^10.6.2", "@graphql-tools/utils@^10.7.2":
  version "10.7.2"
  dependencies:
    "@graphql-typed-document-node/core" "^3.1.1"
    cross-inspect "1.0.1"
    dset "^3.1.4"
    tslib "^2.4.0"

"@graphql-typed-document-node/core@^3.1.1", "@graphql-typed-document-node/core@^3.2.0":
  version "3.2.0"

"@graphql-yoga/logger@^2.0.1":
  version "2.0.1"
  dependencies:
    tslib "^2.8.1"

"@graphql-yoga/subscription@^5.0.0", "@graphql-yoga/subscription@^5.0.3":
  version "5.0.3"
  dependencies:
    "@graphql-yoga/typed-event-target" "^3.0.2"
    "@repeaterjs/repeater" "^3.0.4"
    "@whatwg-node/events" "^0.1.0"
    tslib "^2.8.1"

"@graphql-yoga/typed-event-target@^3.0.2":
  version "3.0.2"
  dependencies:
    "@repeaterjs/repeater" "^3.0.4"
    tslib "^2.8.1"

"@isaacs/cliui@^8.0.2":
  version "8.0.2"
  dependencies:
    string-width "^5.1.2"
    string-width-cjs "npm:string-width@^4.2.0"
    strip-ansi "^7.0.1"
    strip-ansi-cjs "npm:strip-ansi@^6.0.1"
    wrap-ansi "^8.1.0"
    wrap-ansi-cjs "npm:wrap-ansi@^7.0.0"

"@isaacs/fs-minipass@^4.0.0":
  version "4.0.1"
  dependencies:
    minipass "^7.0.4"

"@jridgewell/resolve-uri@^3.0.3":
  version "3.1.2"

"@jridgewell/sourcemap-codec@^1.4.10":
  version "1.5.0"

"@jridgewell/trace-mapping@0.3.9":
  version "0.3.9"
  dependencies:
    "@jridgewell/resolve-uri" "^3.0.3"
    "@jridgewell/sourcemap-codec" "^1.4.10"

"@npmcli/agent@^3.0.0":
  version "3.0.0"
  dependencies:
    agent-base "^7.1.0"
    http-proxy-agent "^7.0.0"
    https-proxy-agent "^7.0.1"
    lru-cache "^10.0.1"
    socks-proxy-agent "^8.0.3"

"@npmcli/fs@^1.0.0":
  version "1.1.1"
  dependencies:
    "@gar/promisify" "^1.0.1"
    semver "^7.3.5"

"@npmcli/fs@^4.0.0":
  version "4.0.0"
  dependencies:
    semver "^7.3.5"

"@npmcli/move-file@^1.0.1":
  version "1.1.2"
  dependencies:
    mkdirp "^1.0.4"
    rimraf "^3.0.2"

"@pkgjs/parseargs@^0.11.0":
  version "0.11.0"

"@prisma/client@^6.3.0":
  version "6.3.0"
  resolved "https://registry.npmjs.org/@prisma/client/-/client-6.3.0.tgz"
  integrity sha512-BY3Fi28PUSk447Bpv22LhZp4HgNPo7NsEN+EteM1CLDnLjig5863jpW+3c3HHLFmml+nB/eJv1CjSriFZ8z7Cg==

"@prisma/debug@6.3.0":
  version "6.3.0"

"@prisma/engines-version@6.3.0-17.acc0b9dd43eb689cbd20c9470515d719db10d0b0":
  version "6.3.0-17.acc0b9dd43eb689cbd20c9470515d719db10d0b0"

"@prisma/engines@6.3.0":
  version "6.3.0"
  dependencies:
    "@prisma/debug" "6.3.0"
    "@prisma/engines-version" "6.3.0-17.acc0b9dd43eb689cbd20c9470515d719db10d0b0"
    "@prisma/fetch-engine" "6.3.0"
    "@prisma/get-platform" "6.3.0"

"@prisma/fetch-engine@6.3.0":
  version "6.3.0"
  dependencies:
    "@prisma/debug" "6.3.0"
    "@prisma/engines-version" "6.3.0-17.acc0b9dd43eb689cbd20c9470515d719db10d0b0"
    "@prisma/get-platform" "6.3.0"

"@prisma/get-platform@6.3.0":
  version "6.3.0"
  dependencies:
    "@prisma/debug" "6.3.0"

"@repeaterjs/repeater@^3.0.4":
  version "3.0.6"

"@tootallnate/once@1":
  version "1.1.2"

"@tsconfig/node10@^1.0.7":
  version "1.0.11"

"@tsconfig/node12@^1.0.7":
  version "1.0.11"

"@tsconfig/node14@^1.0.0":
  version "1.0.3"

"@tsconfig/node16@^1.0.2":
  version "1.0.4"

"@types/body-parser@*":
  version "1.19.5"
  dependencies:
    "@types/connect" "*"
    "@types/node" "*"

"@types/connect@*":
  version "3.4.38"
  dependencies:
    "@types/node" "*"

"@types/express-serve-static-core@^5.0.0":
  version "5.0.6"
  dependencies:
    "@types/node" "*"
    "@types/qs" "*"
    "@types/range-parser" "*"
    "@types/send" "*"

"@types/express@^5.0.0":
  version "5.0.0"
  dependencies:
    "@types/body-parser" "*"
    "@types/express-serve-static-core" "^5.0.0"
    "@types/qs" "*"
    "@types/serve-static" "*"

"@types/graphql@^14.2.3":
  version "14.2.3"

"@types/http-errors@*":
  version "2.0.4"

"@types/mime@^1":
  version "1.3.5"

"@types/node@*", "@types/node@^22.12.0":
  version "22.13.0"
  dependencies:
    undici-types "~6.20.0"

"@types/qs@*":
  version "6.9.18"

"@types/range-parser@*":
  version "1.2.7"

"@types/semver@^7.5.6":
  version "7.5.8"

"@types/send@*":
  version "0.17.4"
  dependencies:
    "@types/mime" "^1"
    "@types/node" "*"

"@types/serve-static@*":
  version "1.15.7"
  dependencies:
    "@types/http-errors" "*"
    "@types/node" "*"
    "@types/send" "*"

"@whatwg-node/disposablestack@^0.0.5":
  version "0.0.5"
  dependencies:
    tslib "^2.6.3"

"@whatwg-node/events@^0.1.0":
  version "0.1.2"
  dependencies:
    tslib "^2.6.3"

"@whatwg-node/fetch@^0.10.0", "@whatwg-node/fetch@^0.10.1":
  version "0.10.3"
  dependencies:
    "@whatwg-node/node-fetch" "^0.7.7"
    urlpattern-polyfill "^10.0.0"

"@whatwg-node/node-fetch@^0.7.7":
  version "0.7.7"
  dependencies:
    "@whatwg-node/disposablestack" "^0.0.5"
    busboy "^1.6.0"
    tslib "^2.6.3"

"@whatwg-node/server@^0.9.64":
  version "0.9.65"
  dependencies:
    "@whatwg-node/disposablestack" "^0.0.5"
    "@whatwg-node/fetch" "^0.10.0"
    tslib "^2.6.3"

"@wry/caches@^1.0.0":
  version "1.0.1"
  dependencies:
    tslib "^2.3.0"

"@wry/context@^0.7.0":
  version "0.7.4"
  dependencies:
    tslib "^2.3.0"

"@wry/equality@^0.5.6":
  version "0.5.7"
  dependencies:
    tslib "^2.3.0"

"@wry/trie@^0.5.0":
  version "0.5.0"
  dependencies:
    tslib "^2.3.0"

abbrev@^3.0.0:
  version "3.0.0"

abbrev@1:
  version "1.1.1"

accepts@^1.3.7, accepts@~1.3.8:
  version "1.3.8"
  dependencies:
    mime-types "~2.1.34"
    negotiator "0.6.3"

acorn-walk@^8.1.1:
  version "8.3.4"
  dependencies:
    acorn "^8.11.0"

acorn@^8.11.0, acorn@^8.4.1:
  version "8.14.0"

agent-base@^6.0.2, agent-base@6:
  version "6.0.2"
  dependencies:
    debug "4"

agent-base@^7.1.0, agent-base@^7.1.2:
  version "7.1.3"

agentkeepalive@^4.1.3:
  version "4.6.0"
  dependencies:
    humanize-ms "^1.2.1"

aggregate-error@^3.0.0:
  version "3.1.0"
  dependencies:
    clean-stack "^2.0.0"
    indent-string "^4.0.0"

ansi-regex@^5.0.1:
  version "5.0.1"

ansi-regex@^6.0.1:
  version "6.1.0"

ansi-styles@^4.0.0:
  version "4.3.0"
  dependencies:
    color-convert "^2.0.1"

ansi-styles@^6.1.0:
  version "6.2.1"

anymatch@~3.1.2:
  version "3.1.3"
  dependencies:
    normalize-path "^3.0.0"
    picomatch "^2.0.4"

"aproba@^1.0.3 || ^2.0.0":
  version "2.0.0"

are-we-there-yet@^3.0.0:
  version "3.0.1"
  dependencies:
    delegates "^1.0.0"
    readable-stream "^3.6.0"

arg@^4.1.0:
  version "4.1.3"

array-flatten@1.1.1:
  version "1.1.1"

balanced-match@^1.0.0:
  version "1.0.2"

base64-js@^1.3.1:
  version "1.5.1"

binary-extensions@^2.0.0:
  version "2.3.0"

bindings@^1.5.0:
  version "1.5.0"
  dependencies:
    file-uri-to-path "1.0.0"

bl@^4.0.3:
  version "4.1.0"
  dependencies:
    buffer "^5.5.0"
    inherits "^2.0.4"
    readable-stream "^3.4.0"

body-parser@1.20.3:
  version "1.20.3"
  dependencies:
    bytes "3.1.2"
    content-type "~1.0.5"
    debug "2.6.9"
    depd "2.0.0"
    destroy "1.2.0"
    http-errors "2.0.0"
    iconv-lite "0.4.24"
    on-finished "2.4.1"
    qs "6.13.0"
    raw-body "2.5.2"
    type-is "~1.6.18"
    unpipe "1.0.0"

brace-expansion@^1.1.7:
  version "1.1.11"
  dependencies:
    balanced-match "^1.0.0"
    concat-map "0.0.1"

brace-expansion@^2.0.1:
  version "2.0.1"
  dependencies:
    balanced-match "^1.0.0"

braces@~3.0.2:
  version "3.0.3"
  dependencies:
    fill-range "^7.1.1"

buffer@^5.5.0:
  version "5.7.1"
  dependencies:
    base64-js "^1.3.1"
    ieee754 "^1.1.13"

busboy@^1.6.0:
  version "1.6.0"
  dependencies:
    streamsearch "^1.1.0"

bytes@3.1.2:
  version "3.1.2"

cacache@^15.2.0:
  version "15.3.0"
  dependencies:
    "@npmcli/fs" "^1.0.0"
    "@npmcli/move-file" "^1.0.1"
    chownr "^2.0.0"
    fs-minipass "^2.0.0"
    glob "^7.1.4"
    infer-owner "^1.0.4"
    lru-cache "^6.0.0"
    minipass "^3.1.1"
    minipass-collect "^1.0.2"
    minipass-flush "^1.0.5"
    minipass-pipeline "^1.2.2"
    mkdirp "^1.0.3"
    p-map "^4.0.0"
    promise-inflight "^1.0.1"
    rimraf "^3.0.2"
    ssri "^8.0.1"
    tar "^6.0.2"
    unique-filename "^1.1.1"

cacache@^19.0.1:
  version "19.0.1"
  dependencies:
    "@npmcli/fs" "^4.0.0"
    fs-minipass "^3.0.0"
    glob "^10.2.2"
    lru-cache "^10.0.1"
    minipass "^7.0.3"
    minipass-collect "^2.0.1"
    minipass-flush "^1.0.5"
    minipass-pipeline "^1.2.4"
    p-map "^7.0.2"
    ssri "^12.0.0"
    tar "^7.4.3"
    unique-filename "^4.0.0"

call-bind-apply-helpers@^1.0.1:
  version "1.0.1"
  dependencies:
    es-errors "^1.3.0"
    function-bind "^1.1.2"

call-bound@^1.0.2:
  version "1.0.3"
  dependencies:
    call-bind-apply-helpers "^1.0.1"
    get-intrinsic "^1.2.6"

chokidar@^3.5.2:
  version "3.6.0"
  dependencies:
    anymatch "~3.1.2"
    braces "~3.0.2"
    glob-parent "~5.1.2"
    is-binary-path "~2.1.0"
    is-glob "~4.0.1"
    normalize-path "~3.0.0"
    readdirp "~3.6.0"
  optionalDependencies:
    fsevents "~2.3.2"

chownr@^1.1.1:
  version "1.1.4"

chownr@^2.0.0:
  version "2.0.0"

chownr@^3.0.0:
  version "3.0.0"

clean-stack@^2.0.0:
  version "2.2.0"

color-convert@^2.0.1:
  version "2.0.1"
  dependencies:
    color-name "~1.1.4"

color-name@~1.1.4:
  version "1.1.4"

color-support@^1.1.3:
  version "1.1.3"

concat-map@0.0.1:
  version "0.0.1"

console-control-strings@^1.1.0:
  version "1.1.0"

content-disposition@0.5.4:
  version "0.5.4"
  dependencies:
    safe-buffer "5.2.1"

content-type@^1.0.4, content-type@~1.0.4, content-type@~1.0.5:
  version "1.0.5"

cookie-signature@1.0.6:
  version "1.0.6"

cookie@0.7.1:
  version "0.7.1"

create-require@^1.1.0:
  version "1.1.1"

cross-inspect@1.0.1:
  version "1.0.1"
  dependencies:
    tslib "^2.4.0"

cross-spawn@^7.0.0:
  version "7.0.6"
  dependencies:
    path-key "^3.1.0"
    shebang-command "^2.0.0"
    which "^2.0.1"

debug@^4, debug@^4.3.3, debug@^4.3.4, debug@4:
  version "4.4.0"
  dependencies:
    ms "^2.1.3"

debug@2.6.9:
  version "2.6.9"
  dependencies:
    ms "2.0.0"

decompress-response@^6.0.0:
  version "6.0.0"
  dependencies:
    mimic-response "^3.1.0"

deep-extend@^0.6.0:
  version "0.6.0"

delegates@^1.0.0:
  version "1.0.0"

depd@~1.1.2:
  version "1.1.2"

depd@2.0.0:
  version "2.0.0"

destroy@1.2.0:
  version "1.2.0"

detect-libc@^2.0.0:
  version "2.0.3"

diff@^4.0.1:
  version "4.0.2"

dset@^3.1.4:
  version "3.1.4"

dunder-proto@^1.0.1:
  version "1.0.1"
  dependencies:
    call-bind-apply-helpers "^1.0.1"
    es-errors "^1.3.0"
    gopd "^1.2.0"

eastasianwidth@^0.2.0:
  version "0.2.0"

ee-first@1.1.1:
  version "1.1.1"

emoji-regex@^8.0.0:
  version "8.0.0"

emoji-regex@^9.2.2:
  version "9.2.2"

encodeurl@~1.0.2:
  version "1.0.2"

encodeurl@~2.0.0:
  version "2.0.0"

encoding@^0.1.12, encoding@^0.1.13:
  version "0.1.13"
  dependencies:
    iconv-lite "^0.6.2"

end-of-stream@^1.1.0, end-of-stream@^1.4.1:
  version "1.4.4"
  dependencies:
    once "^1.4.0"

env-paths@^2.2.0:
  version "2.2.1"

err-code@^2.0.2:
  version "2.0.3"

es-define-property@^1.0.1:
  version "1.0.1"

es-errors@^1.3.0:
  version "1.3.0"

es-object-atoms@^1.0.0:
  version "1.1.1"
  dependencies:
    es-errors "^1.3.0"

escape-html@~1.0.3:
  version "1.0.3"

etag@~1.8.1:
  version "1.8.1"

expand-template@^2.0.3:
  version "2.0.3"

exponential-backoff@^3.1.1:
  version "3.1.1"

express-graphql@^0.12.0:
  version "0.12.0"
  dependencies:
    accepts "^1.3.7"
    content-type "^1.0.4"
    http-errors "1.8.0"
    raw-body "^2.4.1"

express@^4.21.2:
  version "4.21.2"
  dependencies:
    accepts "~1.3.8"
    array-flatten "1.1.1"
    body-parser "1.20.3"
    content-disposition "0.5.4"
    content-type "~1.0.4"
    cookie "0.7.1"
    cookie-signature "1.0.6"
    debug "2.6.9"
    depd "2.0.0"
    encodeurl "~2.0.0"
    escape-html "~1.0.3"
    etag "~1.8.1"
    finalhandler "1.3.1"
    fresh "0.5.2"
    http-errors "2.0.0"
    merge-descriptors "1.0.3"
    methods "~1.1.2"
    on-finished "2.4.1"
    parseurl "~1.3.3"
    path-to-regexp "0.1.12"
    proxy-addr "~2.0.7"
    qs "6.13.0"
    range-parser "~1.2.1"
    safe-buffer "5.2.1"
    send "0.19.0"
    serve-static "1.16.2"
    setprototypeof "1.2.0"
    statuses "2.0.1"
    type-is "~1.6.18"
    utils-merge "1.0.1"
    vary "~1.1.2"

file-uri-to-path@1.0.0:
  version "1.0.0"

fill-range@^7.1.1:
  version "7.1.1"
  dependencies:
    to-regex-range "^5.0.1"

finalhandler@1.3.1:
  version "1.3.1"
  dependencies:
    debug "2.6.9"
    encodeurl "~2.0.0"
    escape-html "~1.0.3"
    on-finished "2.4.1"
    parseurl "~1.3.3"
    statuses "2.0.1"
    unpipe "~1.0.0"

foreground-child@^3.1.0:
  version "3.3.0"
  dependencies:
    cross-spawn "^7.0.0"
    signal-exit "^4.0.1"

forwarded@0.2.0:
  version "0.2.0"

fresh@0.5.2:
  version "0.5.2"

fs-constants@^1.0.0:
  version "1.0.0"

fs-minipass@^2.0.0:
  version "2.1.0"
  dependencies:
    minipass "^3.0.0"

fs-minipass@^3.0.0:
  version "3.0.3"
  dependencies:
    minipass "^7.0.3"

fs.realpath@^1.0.0:
  version "1.0.0"

function-bind@^1.1.2:
  version "1.1.2"

gauge@^4.0.3:
  version "4.0.4"
  dependencies:
    aproba "^1.0.3 || ^2.0.0"
    color-support "^1.1.3"
    console-control-strings "^1.1.0"
    has-unicode "^2.0.1"
    signal-exit "^3.0.7"
    string-width "^4.2.3"
    strip-ansi "^6.0.1"
    wide-align "^1.1.5"

get-intrinsic@^1.2.5, get-intrinsic@^1.2.6:
  version "1.2.7"
  dependencies:
    call-bind-apply-helpers "^1.0.1"
    es-define-property "^1.0.1"
    es-errors "^1.3.0"
    es-object-atoms "^1.0.0"
    function-bind "^1.1.2"
    get-proto "^1.0.0"
    gopd "^1.2.0"
    has-symbols "^1.1.0"
    hasown "^2.0.2"
    math-intrinsics "^1.1.0"

get-proto@^1.0.0:
  version "1.0.1"
  dependencies:
    dunder-proto "^1.0.1"
    es-object-atoms "^1.0.0"

github-from-package@0.0.0:
  version "0.0.0"

glob-parent@~5.1.2:
  version "5.1.2"
  dependencies:
    is-glob "^4.0.1"

glob@^10.2.2, glob@^10.3.10, glob@^10.3.7:
  version "10.4.5"
  dependencies:
    foreground-child "^3.1.0"
    jackspeak "^3.1.2"
    minimatch "^9.0.4"
    minipass "^7.1.2"
    package-json-from-dist "^1.0.0"
    path-scurry "^1.11.1"

glob@^7.1.3:
  version "7.2.3"
  dependencies:
    fs.realpath "^1.0.0"
    inflight "^1.0.4"
    inherits "2"
    minimatch "^3.1.1"
    once "^1.3.0"
    path-is-absolute "^1.0.0"

glob@^7.1.4:
  version "7.2.3"
  dependencies:
    fs.realpath "^1.0.0"
    inflight "^1.0.4"
    inherits "2"
    minimatch "^3.1.1"
    once "^1.3.0"
    path-is-absolute "^1.0.0"

gopd@^1.2.0:
  version "1.2.0"

graceful-fs@^4.2.6:
  version "4.2.11"

graphql-query-complexity@^0.12.0:
  version "0.12.0"
  dependencies:
    lodash.get "^4.4.2"

graphql-scalars@^1.23.0, graphql-scalars@^1.24.1:
  version "1.24.1"
  dependencies:
    tslib "^2.5.0"

graphql-tag@^2.12.6:
  version "2.12.6"
  dependencies:
    tslib "^2.1.0"

graphql-tools@^9.0.11:
  version "9.0.11"
  dependencies:
    "@graphql-tools/schema" "^10.0.16"
    tslib "^2.4.0"
  optionalDependencies:
    "@apollo/client" "~3.2.5 || ~3.3.0 || ~3.4.0 || ~3.5.0 || ~3.6.0 || ~3.7.0 || ~3.8.0 || ~3.9.0 || ~3.10.0 || ~3.11.0 || ~3.12.0"

graphql-yoga@^5.10.11:
  version "5.10.11"
  dependencies:
    "@envelop/core" "^5.0.2"
    "@graphql-tools/executor" "^1.3.7"
    "@graphql-tools/schema" "^10.0.11"
    "@graphql-tools/utils" "^10.6.2"
    "@graphql-yoga/logger" "^2.0.1"
    "@graphql-yoga/subscription" "^5.0.3"
    "@whatwg-node/fetch" "^0.10.1"
    "@whatwg-node/server" "^0.9.64"
    dset "^3.1.4"
    lru-cache "^10.0.0"
    tslib "^2.8.1"

"graphql@^0.8.0 || ^0.9.0 || ^0.10.0 || ^0.11.0 || ^0.12.0 || ^0.13.0 || ^14.0.0 || ^15.0.0 || ^16.0.0", "graphql@^0.8.0 || ^0.9.0 || ^0.10.0 || ^0.11.0 || ^0.12.0 || ^0.13.0 || ^14.0.0 || ^15.0.0 || ^16.0.0 || ^17.0.0", "graphql@^0.9.0 || ^0.10.0 || ^0.11.0 || ^0.12.0 || ^0.13.0 || ^14.0.0 || ^15.0.0 || ^16.0.0", "graphql@^14.0.0 || ^15.0.0 || ^16.0.0 || ^17.0.0", "graphql@^14.6.0 || ^15.0.0 || ^16.0.0", "graphql@^14.7.0 || ^15.3.0", "graphql@^15.0.0 || ^16.0.0", "graphql@^15.2.0 || ^16.0.0", graphql@^16.10.0, graphql@^16.8.1:
  version "16.10.0"

has-flag@^3.0.0:
  version "3.0.0"

has-symbols@^1.1.0:
  version "1.1.0"

has-unicode@^2.0.1:
  version "2.0.1"

hasown@^2.0.2:
  version "2.0.2"
  dependencies:
    function-bind "^1.1.2"

hoist-non-react-statics@^3.3.2:
  version "3.3.2"
  dependencies:
    react-is "^16.7.0"

http-cache-semantics@^4.1.0, http-cache-semantics@^4.1.1:
  version "4.1.1"

http-errors@1.8.0:
  version "1.8.0"
  dependencies:
    depd "~1.1.2"
    inherits "2.0.4"
    setprototypeof "1.2.0"
    statuses ">= 1.5.0 < 2"
    toidentifier "1.0.0"

http-errors@2.0.0:
  version "2.0.0"
  dependencies:
    depd "2.0.0"
    inherits "2.0.4"
    setprototypeof "1.2.0"
    statuses "2.0.1"
    toidentifier "1.0.1"

http-proxy-agent@^4.0.1:
  version "4.0.1"
  dependencies:
    "@tootallnate/once" "1"
    agent-base "6"
    debug "4"

http-proxy-agent@^7.0.0:
  version "7.0.2"
  dependencies:
    agent-base "^7.1.0"
    debug "^4.3.4"

https-proxy-agent@^5.0.0:
  version "5.0.1"
  dependencies:
    agent-base "6"
    debug "4"

https-proxy-agent@^7.0.1:
  version "7.0.6"
  dependencies:
    agent-base "^7.1.2"
    debug "4"

humanize-ms@^1.2.1:
  version "1.2.1"
  dependencies:
    ms "^2.0.0"

iconv-lite@^0.6.2:
  version "0.6.3"
  dependencies:
    safer-buffer ">= 2.1.2 < 3.0.0"

iconv-lite@0.4.24:
  version "0.4.24"
  dependencies:
    safer-buffer ">= 2.1.2 < 3"

ieee754@^1.1.13:
  version "1.2.1"

ignore-by-default@^1.0.1:
  version "1.0.1"

imurmurhash@^0.1.4:
  version "0.1.4"

indent-string@^4.0.0:
  version "4.0.0"

infer-owner@^1.0.4:
  version "1.0.4"

inflight@^1.0.4:
  version "1.0.6"
  dependencies:
    once "^1.3.0"
    wrappy "1"

inherits@^2.0.3, inherits@^2.0.4, inherits@2, inherits@2.0.4:
  version "2.0.4"

ini@~1.3.0:
  version "1.3.8"

ip-address@^9.0.5:
  version "9.0.5"
  dependencies:
    jsbn "1.1.0"
    sprintf-js "^1.1.3"

ipaddr.js@1.9.1:
  version "1.9.1"

is-binary-path@~2.1.0:
  version "2.1.0"
  dependencies:
    binary-extensions "^2.0.0"

is-extglob@^2.1.1:
  version "2.1.1"

is-fullwidth-code-point@^3.0.0:
  version "3.0.0"

is-glob@^4.0.1, is-glob@~4.0.1:
  version "4.0.3"
  dependencies:
    is-extglob "^2.1.1"

is-lambda@^1.0.1:
  version "1.0.1"

is-number@^7.0.0:
  version "7.0.0"

isexe@^2.0.0:
  version "2.0.0"

isexe@^3.1.1:
  version "3.1.1"

jackspeak@^3.1.2:
  version "3.4.3"
  dependencies:
    "@isaacs/cliui" "^8.0.2"
  optionalDependencies:
    "@pkgjs/parseargs" "^0.11.0"

"js-tokens@^3.0.0 || ^4.0.0":
  version "4.0.0"

jsbn@1.1.0:
  version "1.1.0"

lodash.get@^4.4.2:
  version "4.4.2"

loose-envify@^1.4.0:
  version "1.4.0"
  dependencies:
    js-tokens "^3.0.0 || ^4.0.0"

lru-cache@^10.0.0, lru-cache@^10.0.1, lru-cache@^10.2.0:
  version "10.4.3"

lru-cache@^6.0.0:
  version "6.0.0"
  dependencies:
    yallist "^4.0.0"

make-error@^1.1.1:
  version "1.3.6"

make-fetch-happen@^14.0.3:
  version "14.0.3"
  dependencies:
    "@npmcli/agent" "^3.0.0"
    cacache "^19.0.1"
    http-cache-semantics "^4.1.1"
    minipass "^7.0.2"
    minipass-fetch "^4.0.0"
    minipass-flush "^1.0.5"
    minipass-pipeline "^1.2.4"
    negotiator "^1.0.0"
    proc-log "^5.0.0"
    promise-retry "^2.0.1"
    ssri "^12.0.0"

make-fetch-happen@^9.1.0:
  version "9.1.0"
  dependencies:
    agentkeepalive "^4.1.3"
    cacache "^15.2.0"
    http-cache-semantics "^4.1.0"
    http-proxy-agent "^4.0.1"
    https-proxy-agent "^5.0.0"
    is-lambda "^1.0.1"
    lru-cache "^6.0.0"
    minipass "^3.1.3"
    minipass-collect "^1.0.2"
    minipass-fetch "^1.3.2"
    minipass-flush "^1.0.5"
    minipass-pipeline "^1.2.4"
    negotiator "^0.6.2"
    promise-retry "^2.0.1"
    socks-proxy-agent "^6.0.0"
    ssri "^8.0.0"

math-intrinsics@^1.1.0:
  version "1.1.0"

media-typer@0.3.0:
  version "0.3.0"

merge-descriptors@1.0.3:
  version "1.0.3"

methods@~1.1.2:
  version "1.1.2"

mime-db@1.52.0:
  version "1.52.0"

mime-types@~2.1.24, mime-types@~2.1.34:
  version "2.1.35"
  dependencies:
    mime-db "1.52.0"

mime@1.6.0:
  version "1.6.0"

mimic-response@^3.1.0:
  version "3.1.0"

minimatch@^3.1.1, minimatch@^3.1.2:
  version "3.1.2"
  dependencies:
    brace-expansion "^1.1.7"

minimatch@^9.0.4:
  version "9.0.5"
  dependencies:
    brace-expansion "^2.0.1"

minimist@^1.2.0, minimist@^1.2.3:
  version "1.2.8"

minipass-collect@^1.0.2:
  version "1.0.2"
  dependencies:
    minipass "^3.0.0"

minipass-collect@^2.0.1:
  version "2.0.1"
  dependencies:
    minipass "^7.0.3"

minipass-fetch@^1.3.2:
  version "1.4.1"
  dependencies:
    minipass "^3.1.0"
    minipass-sized "^1.0.3"
    minizlib "^2.0.0"
  optionalDependencies:
    encoding "^0.1.12"

minipass-fetch@^4.0.0:
  version "4.0.0"
  dependencies:
    minipass "^7.0.3"
    minipass-sized "^1.0.3"
    minizlib "^3.0.1"
  optionalDependencies:
    encoding "^0.1.13"

minipass-flush@^1.0.5:
  version "1.0.5"
  dependencies:
    minipass "^3.0.0"

minipass-pipeline@^1.2.2, minipass-pipeline@^1.2.4:
  version "1.2.4"
  dependencies:
    minipass "^3.0.0"

minipass-sized@^1.0.3:
  version "1.0.3"
  dependencies:
    minipass "^3.0.0"

minipass@^3.0.0, minipass@^3.1.0, minipass@^3.1.1, minipass@^3.1.3:
  version "3.3.6"
  dependencies:
    yallist "^4.0.0"

"minipass@^5.0.0 || ^6.0.2 || ^7.0.0", minipass@^7.0.2, minipass@^7.0.3, minipass@^7.0.4, minipass@^7.1.2:
  version "7.1.2"

minipass@^5.0.0:
  version "5.0.0"

minizlib@^2.0.0:
  version "2.1.2"
  dependencies:
    minipass "^3.0.0"
    yallist "^4.0.0"

minizlib@^2.1.1:
  version "2.1.2"
  dependencies:
    minipass "^3.0.0"
    yallist "^4.0.0"

minizlib@^3.0.1:
  version "3.0.1"
  dependencies:
    minipass "^7.0.4"
    rimraf "^5.0.5"

mkdirp-classic@^0.5.2, mkdirp-classic@^0.5.3:
  version "0.5.3"

mkdirp@^1.0.3, mkdirp@^1.0.4:
  version "1.0.4"

mkdirp@^3.0.1:
  version "3.0.1"

ms@^2.0.0, ms@^2.1.3, ms@2.1.3:
  version "2.1.3"

ms@2.0.0:
  version "2.0.0"

napi-build-utils@^2.0.0:
  version "2.0.0"

negotiator@^0.6.2:
  version "0.6.4"

negotiator@^1.0.0:
  version "1.0.0"

negotiator@0.6.3:
  version "0.6.3"

node-abi@^3.3.0:
  version "3.74.0"
  dependencies:
    semver "^7.3.5"

node-addon-api@^7.0.0:
  version "7.1.1"

node-gyp@8.x:
  version "8.4.1"
  dependencies:
    env-paths "^2.2.0"
    glob "^7.1.4"
    graceful-fs "^4.2.6"
    make-fetch-happen "^9.1.0"
    nopt "^5.0.0"
    npmlog "^6.0.0"
    rimraf "^3.0.2"
    semver "^7.3.5"
    tar "^6.1.2"
    which "^2.0.2"

nodemon@^3.1.9:
  version "3.1.9"
  dependencies:
    chokidar "^3.5.2"
    debug "^4"
    ignore-by-default "^1.0.1"
    minimatch "^3.1.2"
    pstree.remy "^1.1.8"
    semver "^7.5.3"
    simple-update-notifier "^2.0.0"
    supports-color "^5.5.0"
    touch "^3.1.0"
    undefsafe "^2.0.5"

nopt@^5.0.0:
  version "5.0.0"
  dependencies:
    abbrev "1"

nopt@^8.0.0:
  version "8.1.0"
  dependencies:
    abbrev "^3.0.0"

normalize-path@^3.0.0, normalize-path@~3.0.0:
  version "3.0.0"

npmlog@^6.0.0:
  version "6.0.2"
  dependencies:
    are-we-there-yet "^3.0.0"
    console-control-strings "^1.1.0"
    gauge "^4.0.3"
    set-blocking "^2.0.0"

object-assign@^4.1.1:
  version "4.1.1"

object-inspect@^1.13.3:
  version "1.13.3"

on-finished@2.4.1:
  version "2.4.1"
  dependencies:
    ee-first "1.1.1"

once@^1.3.0, once@^1.3.1, once@^1.4.0:
  version "1.4.0"
  dependencies:
    wrappy "1"

optimism@^0.18.0:
  version "0.18.1"
  dependencies:
    "@wry/caches" "^1.0.0"
    "@wry/context" "^0.7.0"
    "@wry/trie" "^0.5.0"
    tslib "^2.3.0"

p-map@^4.0.0:
  version "4.0.0"
  dependencies:
    aggregate-error "^3.0.0"

p-map@^7.0.2:
  version "7.0.3"

package-json-from-dist@^1.0.0:
  version "1.0.1"

parseurl@~1.3.3:
  version "1.3.3"

path-is-absolute@^1.0.0:
  version "1.0.1"

path-key@^3.1.0:
  version "3.1.1"

path-scurry@^1.11.1:
  version "1.11.1"
  dependencies:
    lru-cache "^10.2.0"
    minipass "^5.0.0 || ^6.0.2 || ^7.0.0"

path-to-regexp@0.1.12:
  version "0.1.12"

picomatch@^2.0.4, picomatch@^2.2.1:
  version "2.3.1"

prebuild-install@^7.1.1:
  version "7.1.3"
  dependencies:
    detect-libc "^2.0.0"
    expand-template "^2.0.3"
    github-from-package "0.0.0"
    minimist "^1.2.3"
    mkdirp-classic "^0.5.3"
    napi-build-utils "^2.0.0"
    node-abi "^3.3.0"
    pump "^3.0.0"
    rc "^1.2.7"
    simple-get "^4.0.0"
    tar-fs "^2.0.0"
    tunnel-agent "^0.6.0"

prisma@*, prisma@^6.3.0:
  version "6.3.0"
  dependencies:
    "@prisma/engines" "6.3.0"
  optionalDependencies:
    fsevents "2.3.3"

proc-log@^5.0.0:
  version "5.0.0"

promise-inflight@^1.0.1:
  version "1.0.1"

promise-retry@^2.0.1:
  version "2.0.1"
  dependencies:
    err-code "^2.0.2"
    retry "^0.12.0"

prop-types@^15.7.2:
  version "15.8.1"
  dependencies:
    loose-envify "^1.4.0"
    object-assign "^4.1.1"
    react-is "^16.13.1"

proxy-addr@~2.0.7:
  version "2.0.7"
  dependencies:
    forwarded "0.2.0"
    ipaddr.js "1.9.1"

pstree.remy@^1.1.8:
  version "1.1.8"

pump@^3.0.0:
  version "3.0.2"
  dependencies:
    end-of-stream "^1.1.0"
    once "^1.3.1"

qs@6.13.0:
  version "6.13.0"
  dependencies:
    side-channel "^1.0.6"

range-parser@~1.2.1:
  version "1.2.1"

raw-body@^2.4.1, raw-body@2.5.2:
  version "2.5.2"
  dependencies:
    bytes "3.1.2"
    http-errors "2.0.0"
    iconv-lite "0.4.24"
    unpipe "1.0.0"

rc@^1.2.7:
  version "1.2.8"
  dependencies:
    deep-extend "^0.6.0"
    ini "~1.3.0"
    minimist "^1.2.0"
    strip-json-comments "~2.0.1"

react-is@^16.13.1, react-is@^16.7.0:
  version "16.13.1"

readable-stream@^3.1.1, readable-stream@^3.4.0, readable-stream@^3.6.0:
  version "3.6.2"
  dependencies:
    inherits "^2.0.3"
    string_decoder "^1.1.1"
    util-deprecate "^1.0.1"

readdirp@~3.6.0:
  version "3.6.0"
  dependencies:
    picomatch "^2.2.1"

reflect-metadata@^0.2.2:
  version "0.2.2"

rehackt@^0.1.0:
  version "0.1.0"

retry@^0.12.0:
  version "0.12.0"

rimraf@^3.0.2:
  version "3.0.2"
  dependencies:
    glob "^7.1.3"

rimraf@^5.0.5:
  version "5.0.10"
  dependencies:
    glob "^10.3.7"

safe-buffer@^5.0.1, safe-buffer@~5.2.0, safe-buffer@5.2.1:
  version "5.2.1"

"safer-buffer@>= 2.1.2 < 3", "safer-buffer@>= 2.1.2 < 3.0.0":
  version "2.1.2"

semver@^7.3.5, semver@^7.5.3, semver@^7.5.4:
  version "7.7.0"

send@0.19.0:
  version "0.19.0"
  dependencies:
    debug "2.6.9"
    depd "2.0.0"
    destroy "1.2.0"
    encodeurl "~1.0.2"
    escape-html "~1.0.3"
    etag "~1.8.1"
    fresh "0.5.2"
    http-errors "2.0.0"
    mime "1.6.0"
    ms "2.1.3"
    on-finished "2.4.1"
    range-parser "~1.2.1"
    statuses "2.0.1"

serve-static@1.16.2:
  version "1.16.2"
  dependencies:
    encodeurl "~2.0.0"
    escape-html "~1.0.3"
    parseurl "~1.3.3"
    send "0.19.0"

"server@file:/home/jippy89/projects/personal/assessments/upscalix_maintenance-request/packages/server":
  version "1.0.0"
  resolved "file:packages/server"
  dependencies:
    "@prisma/client" "^6.3.0"
    express "^4.21.2"
    express-graphql "^0.12.0"
    graphql "^16.10.0"
    graphql-scalars "^1.24.1"
    graphql-tools "^9.0.11"
    graphql-yoga "^5.10.11"
    reflect-metadata "^0.2.2"
    sqlite3 "^5.1.7"
    type-graphql "^2.0.0-rc.2"

set-blocking@^2.0.0:
  version "2.0.0"

setprototypeof@1.2.0:
  version "1.2.0"

shebang-command@^2.0.0:
  version "2.0.0"
  dependencies:
    shebang-regex "^3.0.0"

shebang-regex@^3.0.0:
  version "3.0.0"

side-channel-list@^1.0.0:
  version "1.0.0"
  dependencies:
    es-errors "^1.3.0"
    object-inspect "^1.13.3"

side-channel-map@^1.0.1:
  version "1.0.1"
  dependencies:
    call-bound "^1.0.2"
    es-errors "^1.3.0"
    get-intrinsic "^1.2.5"
    object-inspect "^1.13.3"

side-channel-weakmap@^1.0.2:
  version "1.0.2"
  dependencies:
    call-bound "^1.0.2"
    es-errors "^1.3.0"
    get-intrinsic "^1.2.5"
    object-inspect "^1.13.3"
    side-channel-map "^1.0.1"

side-channel@^1.0.6:
  version "1.1.0"
  dependencies:
    es-errors "^1.3.0"
    object-inspect "^1.13.3"
    side-channel-list "^1.0.0"
    side-channel-map "^1.0.1"
    side-channel-weakmap "^1.0.2"

signal-exit@^3.0.7:
  version "3.0.7"

signal-exit@^4.0.1:
  version "4.1.0"

simple-concat@^1.0.0:
  version "1.0.1"

simple-get@^4.0.0:
  version "4.0.1"
  dependencies:
    decompress-response "^6.0.0"
    once "^1.3.1"
    simple-concat "^1.0.0"

simple-update-notifier@^2.0.0:
  version "2.0.0"
  dependencies:
    semver "^7.5.3"

smart-buffer@^4.2.0:
  version "4.2.0"

socks-proxy-agent@^6.0.0:
  version "6.2.1"
  dependencies:
    agent-base "^6.0.2"
    debug "^4.3.3"
    socks "^2.6.2"

socks-proxy-agent@^8.0.3:
  version "8.0.5"
  dependencies:
    agent-base "^7.1.2"
    debug "^4.3.4"
    socks "^2.8.3"

socks@^2.6.2, socks@^2.8.3:
  version "2.8.3"
  dependencies:
    ip-address "^9.0.5"
    smart-buffer "^4.2.0"

sprintf-js@^1.1.3:
  version "1.1.3"

sqlite3@^5.1.7:
  version "5.1.7"
  dependencies:
    bindings "^1.5.0"
    node-addon-api "^7.0.0"
    prebuild-install "^7.1.1"
    tar "^6.1.11"
  optionalDependencies:
    node-gyp "8.x"

ssri@^12.0.0:
  version "12.0.0"
  dependencies:
    minipass "^7.0.3"

ssri@^8.0.0, ssri@^8.0.1:
  version "8.0.1"
  dependencies:
    minipass "^3.1.1"

"statuses@>= 1.5.0 < 2":
  version "1.5.0"

statuses@2.0.1:
  version "2.0.1"

streamsearch@^1.1.0:
  version "1.1.0"

string_decoder@^1.1.1:
  version "1.3.0"
  dependencies:
    safe-buffer "~5.2.0"

"string-width-cjs@npm:string-width@^4.2.0":
  version "4.2.3"
  dependencies:
    emoji-regex "^8.0.0"
    is-fullwidth-code-point "^3.0.0"
    strip-ansi "^6.0.1"

"string-width@^1.0.2 || 2 || 3 || 4", string-width@^4.1.0, string-width@^4.2.3:
  version "4.2.3"
  dependencies:
    emoji-regex "^8.0.0"
    is-fullwidth-code-point "^3.0.0"
    strip-ansi "^6.0.1"

string-width@^5.0.1:
  version "5.1.2"
  dependencies:
    eastasianwidth "^0.2.0"
    emoji-regex "^9.2.2"
    strip-ansi "^7.0.1"

string-width@^5.1.2:
  version "5.1.2"
  dependencies:
    eastasianwidth "^0.2.0"
    emoji-regex "^9.2.2"
    strip-ansi "^7.0.1"

"strip-ansi-cjs@npm:strip-ansi@^6.0.1":
  version "6.0.1"
  dependencies:
    ansi-regex "^5.0.1"

strip-ansi@^6.0.0, strip-ansi@^6.0.1:
  version "6.0.1"
  dependencies:
    ansi-regex "^5.0.1"

strip-ansi@^7.0.1:
  version "7.1.0"
  dependencies:
    ansi-regex "^6.0.1"

strip-json-comments@~2.0.1:
  version "2.0.1"

supports-color@^5.5.0:
  version "5.5.0"
  dependencies:
    has-flag "^3.0.0"

symbol-observable@^4.0.0:
  version "4.0.0"

tar-fs@^2.0.0:
  version "2.1.2"
  dependencies:
    chownr "^1.1.1"
    mkdirp-classic "^0.5.2"
    pump "^3.0.0"
    tar-stream "^2.1.4"

tar-stream@^2.1.4:
  version "2.2.0"
  dependencies:
    bl "^4.0.3"
    end-of-stream "^1.4.1"
    fs-constants "^1.0.0"
    inherits "^2.0.3"
    readable-stream "^3.1.1"

tar@^6.0.2, tar@^6.1.11, tar@^6.1.2:
  version "6.2.1"
  dependencies:
    chownr "^2.0.0"
    fs-minipass "^2.0.0"
    minipass "^5.0.0"
    minizlib "^2.1.1"
    mkdirp "^1.0.3"
    yallist "^4.0.0"

tar@^7.4.3:
  version "7.4.3"
  dependencies:
    "@isaacs/fs-minipass" "^4.0.0"
    chownr "^3.0.0"
    minipass "^7.1.2"
    minizlib "^3.0.1"
    mkdirp "^3.0.1"
    yallist "^5.0.0"

to-regex-range@^5.0.1:
  version "5.0.1"
  dependencies:
    is-number "^7.0.0"

toidentifier@1.0.0:
  version "1.0.0"

toidentifier@1.0.1:
  version "1.0.1"

touch@^3.1.0:
  version "3.1.1"

ts-invariant@^0.10.3:
  version "0.10.3"
  dependencies:
    tslib "^2.1.0"

ts-node@^10.9.2:
  version "10.9.2"
  dependencies:
    "@cspotcode/source-map-support" "^0.8.0"
    "@tsconfig/node10" "^1.0.7"
    "@tsconfig/node12" "^1.0.7"
    "@tsconfig/node14" "^1.0.0"
    "@tsconfig/node16" "^1.0.2"
    acorn "^8.4.1"
    acorn-walk "^8.1.1"
    arg "^4.1.0"
    create-require "^1.1.0"
    diff "^4.0.1"
    make-error "^1.1.1"
    v8-compile-cache-lib "^3.0.1"
    yn "3.1.1"

tslib@^2.1.0, tslib@^2.3.0, tslib@^2.4.0, tslib@^2.5.0, tslib@^2.6.2, tslib@^2.6.3, tslib@^2.8.1:
  version "2.8.1"

tunnel-agent@^0.6.0:
  version "0.6.0"
  dependencies:
    safe-buffer "^5.0.1"

type-graphql@^2.0.0-rc.2:
  version "2.0.0-rc.2"
  dependencies:
    "@graphql-yoga/subscription" "^5.0.0"
    "@types/node" "*"
    "@types/semver" "^7.5.6"
    graphql-query-complexity "^0.12.0"
    semver "^7.5.4"
    tslib "^2.6.2"

type-is@~1.6.18:
  version "1.6.18"
  dependencies:
    media-typer "0.3.0"
    mime-types "~2.1.24"

typescript@^5.7.3, typescript@>=2.7, typescript@>=5.1.0:
  version "5.7.3"

undefsafe@^2.0.5:
  version "2.0.5"

undici-types@~6.20.0:
  version "6.20.0"

unique-filename@^1.1.1:
  version "1.1.1"
  dependencies:
    unique-slug "^2.0.0"

unique-filename@^4.0.0:
  version "4.0.0"
  dependencies:
    unique-slug "^5.0.0"

unique-slug@^2.0.0:
  version "2.0.2"
  dependencies:
    imurmurhash "^0.1.4"

unique-slug@^5.0.0:
  version "5.0.0"
  dependencies:
    imurmurhash "^0.1.4"

unpipe@~1.0.0, unpipe@1.0.0:
  version "1.0.0"

urlpattern-polyfill@^10.0.0:
  version "10.0.0"

util-deprecate@^1.0.1:
  version "1.0.2"

utils-merge@1.0.1:
  version "1.0.1"

v8-compile-cache-lib@^3.0.1:
  version "3.0.1"

value-or-promise@^1.0.12:
  version "1.0.12"

vary@~1.1.2:
  version "1.1.2"

which@^2.0.1, which@^2.0.2:
  version "2.0.2"
  dependencies:
    isexe "^2.0.0"

which@^5.0.0:
  version "5.0.0"
  dependencies:
    isexe "^3.1.1"

wide-align@^1.1.5:
  version "1.1.5"
  dependencies:
    string-width "^1.0.2 || 2 || 3 || 4"

"wrap-ansi-cjs@npm:wrap-ansi@^7.0.0":
  version "7.0.0"
  dependencies:
    ansi-styles "^4.0.0"
    string-width "^4.1.0"
    strip-ansi "^6.0.0"

wrap-ansi@^8.1.0:
  version "8.1.0"
  dependencies:
    ansi-styles "^6.1.0"
    string-width "^5.0.1"
    strip-ansi "^7.0.1"

wrappy@1:
  version "1.0.2"

yallist@^4.0.0:
  version "4.0.0"

yallist@^5.0.0:
  version "5.0.0"

yn@3.1.1:
  version "3.1.1"

zen-observable-ts@^1.2.5:
  version "1.2.5"
  dependencies:
    zen-observable "0.8.15"

zen-observable@0.8.15:
  version "0.8.15"
